
Microsoft Visual Studio Solution File, Format Version 12.00
# Visual Studio 2013
VisualStudioVersion = 12.0.21005.1
MinimumVisualStudioVersion = 10.0.40219.1
Project("{FAE04EC0-301F-11D3-BF4B-00C04F79EFBC}") = "Graphics.Playground", "Graphics.Playground\Graphics.Playground.csproj", "{17090B19-D6C6-4D63-8AD7-806C2ACCC9E0}"
EndProject
Project("{FAE04EC0-301F-11D3-BF4B-00C04F79EFBC}") = "Graphics.Math", "Graphics.Math\Graphics.Math.csproj", "{64D5BA12-0EC9-47B2-9FAF-B84CFE21BDDB}"
EndProject
Project("{FAE04EC0-301F-11D3-BF4B-00C04F79EFBC}") = "Graphics.Math.Tests", "Graphics.Math.Tests\Graphics.Math.Tests.csproj", "{6A4283E8-4A71-401B-9256-3C8DF086C9A7}"
EndProject
Project("{2150E333-8FDC-42A3-9474-1A3956D46DE8}") = ".nuget", ".nuget", "{479C28D6-DB76-4A0A-A83D-FE7823CA0626}"
	ProjectSection(SolutionItems) = preProject
		.nuget\packages.config = .nuget\packages.config
	EndProjectSection
EndProject
Project("{FAE04EC0-301F-11D3-BF4B-00C04F79EFBC}") = "Graphics.Extensions", "Graphics.Extensions\Graphics.Extensions.csproj", "{14993B07-1B61-4AD6-AE55-A5D47B9369DF}"
EndProject
Project("{FAE04EC0-301F-11D3-BF4B-00C04F79EFBC}") = "Graphics.Core", "Graphics.Core\Graphics.Core.csproj", "{5FDC4FFB-F6EF-4417-8B33-02801764716F}"
EndProject
Project("{FAE04EC0-301F-11D3-BF4B-00C04F79EFBC}") = "Graphics.Core.Tests", "Graphics.Core.Tests\Graphics.Core.Tests.csproj", "{543041F6-05D8-43AE-A9A0-EDC9FD275D3B}"
EndProject
Project("{FAE04EC0-301F-11D3-BF4B-00C04F79EFBC}") = "Graphics.Models", "Graphics.Models\Graphics.Models.csproj", "{D1E26EB2-F12F-4504-9BC3-20680FB7742A}"
EndProject
Project("{FAE04EC0-301F-11D3-BF4B-00C04F79EFBC}") = "Graphics.UI", "Graphics.UI\Graphics.UI.csproj", "{775766EA-383A-42EE-B1B8-BD3E19520B34}"
EndProject
Global
	GlobalSection(SolutionConfigurationPlatforms) = preSolution
		Debug|Any CPU = Debug|Any CPU
		Release|Any CPU = Release|Any CPU
	EndGlobalSection
	GlobalSection(ProjectConfigurationPlatforms) = postSolution
		{17090B19-D6C6-4D63-8AD7-806C2ACCC9E0}.Debug|Any CPU.ActiveCfg = Debug|Any CPU
		{17090B19-D6C6-4D63-8AD7-806C2ACCC9E0}.Debug|Any CPU.Build.0 = Debug|Any CPU
		{17090B19-D6C6-4D63-8AD7-806C2ACCC9E0}.Release|Any CPU.ActiveCfg = Release|Any CPU
		{17090B19-D6C6-4D63-8AD7-806C2ACCC9E0}.Release|Any CPU.Build.0 = Release|Any CPU
		{64D5BA12-0EC9-47B2-9FAF-B84CFE21BDDB}.Debug|Any CPU.ActiveCfg = Debug|Any CPU
		{64D5BA12-0EC9-47B2-9FAF-B84CFE21BDDB}.Debug|Any CPU.Build.0 = Debug|Any CPU
		{64D5BA12-0EC9-47B2-9FAF-B84CFE21BDDB}.Release|Any CPU.ActiveCfg = Release|Any CPU
		{64D5BA12-0EC9-47B2-9FAF-B84CFE21BDDB}.Release|Any CPU.Build.0 = Release|Any CPU
		{6A4283E8-4A71-401B-9256-3C8DF086C9A7}.Debug|Any CPU.ActiveCfg = Debug|Any CPU
		{6A4283E8-4A71-401B-9256-3C8DF086C9A7}.Debug|Any CPU.Build.0 = Debug|Any CPU
		{6A4283E8-4A71-401B-9256-3C8DF086C9A7}.Release|Any CPU.ActiveCfg = Release|Any CPU
		{6A4283E8-4A71-401B-9256-3C8DF086C9A7}.Release|Any CPU.Build.0 = Release|Any CPU
		{14993B07-1B61-4AD6-AE55-A5D47B9369DF}.Debug|Any CPU.ActiveCfg = Debug|Any CPU
		{14993B07-1B61-4AD6-AE55-A5D47B9369DF}.Debug|Any CPU.Build.0 = Debug|Any CPU
		{14993B07-1B61-4AD6-AE55-A5D47B9369DF}.Release|Any CPU.ActiveCfg = Release|Any CPU
		{14993B07-1B61-4AD6-AE55-A5D47B9369DF}.Release|Any CPU.Build.0 = Release|Any CPU
		{5FDC4FFB-F6EF-4417-8B33-02801764716F}.Debug|Any CPU.ActiveCfg = Debug|Any CPU
		{5FDC4FFB-F6EF-4417-8B33-02801764716F}.Debug|Any CPU.Build.0 = Debug|Any CPU
		{5FDC4FFB-F6EF-4417-8B33-02801764716F}.Release|Any CPU.ActiveCfg = Release|Any CPU
		{5FDC4FFB-F6EF-4417-8B33-02801764716F}.Release|Any CPU.Build.0 = Release|Any CPU
		{543041F6-05D8-43AE-A9A0-EDC9FD275D3B}.Debug|Any CPU.ActiveCfg = Debug|Any CPU
		{543041F6-05D8-43AE-A9A0-EDC9FD275D3B}.Debug|Any CPU.Build.0 = Debug|Any CPU
		{543041F6-05D8-43AE-A9A0-EDC9FD275D3B}.Release|Any CPU.ActiveCfg = Release|Any CPU
		{543041F6-05D8-43AE-A9A0-EDC9FD275D3B}.Release|Any CPU.Build.0 = Release|Any CPU
		{D1E26EB2-F12F-4504-9BC3-20680FB7742A}.Debug|Any CPU.ActiveCfg = Debug|Any CPU
		{D1E26EB2-F12F-4504-9BC3-20680FB7742A}.Debug|Any CPU.Build.0 = Debug|Any CPU
		{D1E26EB2-F12F-4504-9BC3-20680FB7742A}.Release|Any CPU.ActiveCfg = Release|Any CPU
		{D1E26EB2-F12F-4504-9BC3-20680FB7742A}.Release|Any CPU.Build.0 = Release|Any CPU
		{775766EA-383A-42EE-B1B8-BD3E19520B34}.Debug|Any CPU.ActiveCfg = Debug|Any CPU
		{775766EA-383A-42EE-B1B8-BD3E19520B34}.Debug|Any CPU.Build.0 = Debug|Any CPU
		{775766EA-383A-42EE-B1B8-BD3E19520B34}.Release|Any CPU.ActiveCfg = Release|Any CPU
		{775766EA-383A-42EE-B1B8-BD3E19520B34}.Release|Any CPU.Build.0 = Release|Any CPU
	EndGlobalSection
	GlobalSection(SolutionProperties) = preSolution
		HideSolutionNode = FALSE
	EndGlobalSection
EndGlobal
